
Microsoft Visual Studio Solution File, Format Version 12.00
# Visual Studio Version 17
VisualStudioVersion = 17.14.36408.4
MinimumVisualStudioVersion = 10.0.40219.1
Project("{2150E333-8FDC-42A3-9474-1A3956D46DE8}") = "Solution Items", "Solution Items", "{8EC462FD-D22E-90A8-E5CE-7E832BA40C5D}"
	ProjectSection(SolutionItems) = preProject
		.editorconfig = .editorconfig
		..\.gitattributes = ..\.gitattributes
		..\.gitignore = ..\.gitignore
		Directory.Build.props = Directory.Build.props
		..\WebGallery.drawio = ..\WebGallery.drawio
	EndProjectSection
EndProject
Project("{2150E333-8FDC-42A3-9474-1A3956D46DE8}") = "src", "src", "{3BFFB86A-0234-47F5-8CC3-A4B321C42B38}"
EndProject
Project("{FAE04EC0-301F-11D3-BF4B-00C04F79EFBC}") = "WebGallery.Web", "src\WebGallery.Web\WebGallery.Web.csproj", "{C5F40E05-DE4C-4316-8C6B-CDF0D7BCBEA1}"
EndProject
Project("{FAE04EC0-301F-11D3-BF4B-00C04F79EFBC}") = "WebGallery.Presenters", "src\WebGallery.Presenters\WebGallery.Presenters.csproj", "{845DC9D9-642F-49A0-A633-9B170F59EE24}"
EndProject
Project("{FAE04EC0-301F-11D3-BF4B-00C04F79EFBC}") = "WebGallery.Domain", "src\WebGallery.Domain\WebGallery.Domain.csproj", "{B74197B1-3DAF-4CB5-8DC9-A319D92E4C5E}"
EndProject
Project("{FAE04EC0-301F-11D3-BF4B-00C04F79EFBC}") = "WebGallery.Contracts", "src\WebGallery.Contracts\WebGallery.Contracts.csproj", "{FE6713E2-410B-4BBE-9CB7-031B2D72AC60}"
EndProject
Project("{FAE04EC0-301F-11D3-BF4B-00C04F79EFBC}") = "WebGallery.Application", "src\WebGallery.Application\WebGallery.Application.csproj", "{75918CE9-9F76-46A7-A9A6-CF2D7D50F707}"
EndProject
Project("{FAE04EC0-301F-11D3-BF4B-00C04F79EFBC}") = "WebGallery.Infrastracture.PostgreSql", "src\WebGallery.Infrastracture.PostgreSql\WebGallery.Infrastracture.PostgreSql.csproj", "{FAF999AB-C610-45FC-BC65-E4C00EC1E54B}"
EndProject
Global
	GlobalSection(SolutionConfigurationPlatforms) = preSolution
		Debug|Any CPU = Debug|Any CPU
		Release|Any CPU = Release|Any CPU
	EndGlobalSection
	GlobalSection(ProjectConfigurationPlatforms) = postSolution
		{C5F40E05-DE4C-4316-8C6B-CDF0D7BCBEA1}.Debug|Any CPU.ActiveCfg = Debug|Any CPU
		{C5F40E05-DE4C-4316-8C6B-CDF0D7BCBEA1}.Debug|Any CPU.Build.0 = Debug|Any CPU
		{C5F40E05-DE4C-4316-8C6B-CDF0D7BCBEA1}.Release|Any CPU.ActiveCfg = Release|Any CPU
		{C5F40E05-DE4C-4316-8C6B-CDF0D7BCBEA1}.Release|Any CPU.Build.0 = Release|Any CPU
		{845DC9D9-642F-49A0-A633-9B170F59EE24}.Debug|Any CPU.ActiveCfg = Debug|Any CPU
		{845DC9D9-642F-49A0-A633-9B170F59EE24}.Debug|Any CPU.Build.0 = Debug|Any CPU
		{845DC9D9-642F-49A0-A633-9B170F59EE24}.Release|Any CPU.ActiveCfg = Release|Any CPU
		{845DC9D9-642F-49A0-A633-9B170F59EE24}.Release|Any CPU.Build.0 = Release|Any CPU
		{B74197B1-3DAF-4CB5-8DC9-A319D92E4C5E}.Debug|Any CPU.ActiveCfg = Debug|Any CPU
		{B74197B1-3DAF-4CB5-8DC9-A319D92E4C5E}.Debug|Any CPU.Build.0 = Debug|Any CPU
		{B74197B1-3DAF-4CB5-8DC9-A319D92E4C5E}.Release|Any CPU.ActiveCfg = Release|Any CPU
		{B74197B1-3DAF-4CB5-8DC9-A319D92E4C5E}.Release|Any CPU.Build.0 = Release|Any CPU
		{FE6713E2-410B-4BBE-9CB7-031B2D72AC60}.Debug|Any CPU.ActiveCfg = Debug|Any CPU
		{FE6713E2-410B-4BBE-9CB7-031B2D72AC60}.Debug|Any CPU.Build.0 = Debug|Any CPU
		{FE6713E2-410B-4BBE-9CB7-031B2D72AC60}.Release|Any CPU.ActiveCfg = Release|Any CPU
		{FE6713E2-410B-4BBE-9CB7-031B2D72AC60}.Release|Any CPU.Build.0 = Release|Any CPU
		{75918CE9-9F76-46A7-A9A6-CF2D7D50F707}.Debug|Any CPU.ActiveCfg = Debug|Any CPU
		{75918CE9-9F76-46A7-A9A6-CF2D7D50F707}.Debug|Any CPU.Build.0 = Debug|Any CPU
		{75918CE9-9F76-46A7-A9A6-CF2D7D50F707}.Release|Any CPU.ActiveCfg = Release|Any CPU
		{75918CE9-9F76-46A7-A9A6-CF2D7D50F707}.Release|Any CPU.Build.0 = Release|Any CPU
		{FAF999AB-C610-45FC-BC65-E4C00EC1E54B}.Debug|Any CPU.ActiveCfg = Debug|Any CPU
		{FAF999AB-C610-45FC-BC65-E4C00EC1E54B}.Debug|Any CPU.Build.0 = Debug|Any CPU
		{FAF999AB-C610-45FC-BC65-E4C00EC1E54B}.Release|Any CPU.ActiveCfg = Release|Any CPU
		{FAF999AB-C610-45FC-BC65-E4C00EC1E54B}.Release|Any CPU.Build.0 = Release|Any CPU
	EndGlobalSection
	GlobalSection(SolutionProperties) = preSolution
		HideSolutionNode = FALSE
	EndGlobalSection
	GlobalSection(NestedProjects) = preSolution
		{C5F40E05-DE4C-4316-8C6B-CDF0D7BCBEA1} = {3BFFB86A-0234-47F5-8CC3-A4B321C42B38}
		{845DC9D9-642F-49A0-A633-9B170F59EE24} = {3BFFB86A-0234-47F5-8CC3-A4B321C42B38}
		{B74197B1-3DAF-4CB5-8DC9-A319D92E4C5E} = {3BFFB86A-0234-47F5-8CC3-A4B321C42B38}
		{FE6713E2-410B-4BBE-9CB7-031B2D72AC60} = {3BFFB86A-0234-47F5-8CC3-A4B321C42B38}
		{75918CE9-9F76-46A7-A9A6-CF2D7D50F707} = {3BFFB86A-0234-47F5-8CC3-A4B321C42B38}
		{FAF999AB-C610-45FC-BC65-E4C00EC1E54B} = {3BFFB86A-0234-47F5-8CC3-A4B321C42B38}
	EndGlobalSection
	GlobalSection(ExtensibilityGlobals) = postSolution
		SolutionGuid = {65AB66AB-4A04-4132-A1ED-9C23A3A7C933}
	EndGlobalSection
EndGlobal
